<?xml version="1.0"?>
<!DOCTYPE CodeBlocks_project_file>
<CodeBlocks_project_file>
	<FileVersion major="1" minor="1"/>
	<Project>
		<Option title="mkview_plugin"/>
		<Option makefile="Makefile"/>
		<Option makefile_is_custom="1"/>
		<Option active_target="0"/>
		<Option compiler="0"/>
		<Build>
			<Target title="release">
				<Option output="..\bin\mkview.exe"/>
				<Option working_dir="."/>
				<Option object_output=".objs"/>
				<Option deps_output=".deps"/>
				<Option type="0"/>
				<Option compiler="0"/>
				<Option projectResourceIncludeDirsRelation="0"/>
			</Target>
		</Build>
		<Unit filename="plugin.h">
			<Option compilerVar=""/>
			<Option compile="0"/>
			<Option link="0"/>
			<Option target="release"/>
		</Unit>
		<Unit filename="plugin_mai100.cpp">
			<Option compilerVar="CPP"/>
			<Option target="release"/>
		</Unit>
	</Project>
</CodeBlocks_project_file>
