<?xml version="1.0" encoding="UTF-8" standalone="yes" ?>
<CodeBlocks_project_file>
	<FileVersion major="1" minor="6" />
	<Project>
		<Option title="xsync" />
		<Option makefile_is_custom="1" />
		<Option pch_mode="0" />
		<Option default_target="release" />
		<Option compiler="gcc" />
		<Build>
			<Target title="release">
				<Option output="..\..\bin\mksync.exe" prefix_auto="0" extension_auto="0" />
				<Option type="1" />
				<Option compiler="gcc" />
				<Option parameters="-port=COM5 -speed=38400" />
				<Option projectResourceIncludeDirsRelation="0" />
			</Target>
		</Build>
		<VirtualTargets>
			<Add alias="All" targets="release;" />
		</VirtualTargets>
		<Unit filename="mksync.cpp" />
		<Extensions>
			<code_completion />
			<debugger />
		</Extensions>
	</Project>
</CodeBlocks_project_file>
